// !$*UTF8*$!
{
	archiveVersion = 1;
	classes = {
	};
	objectVersion = 56;
	objects = {

/* Begin PBXBuildFile section */
		9518D7162BED7043006563CD /* PasswordViewController.swift in Sources */ = {isa = PBXBuildFile; fileRef = 9518D7152BED7043006563CD /* PasswordViewController.swift */; };
		9518D7182BED705E006563CD /* PasswordView.swift in Sources */ = {isa = PBXBuildFile; fileRef = 9518D7172BED705E006563CD /* PasswordView.swift */; };
		9518D71A2BED9A78006563CD /* Factory.swift in Sources */ = {isa = PBXBuildFile; fileRef = 9518D7192BED9A78006563CD /* Factory.swift */; };
		95264E762BF3D3BD0025E253 /* NetworkRequest.swift in Sources */ = {isa = PBXBuildFile; fileRef = 95264E752BF3D3BD0025E253 /* NetworkRequest.swift */; };
		95264E792BF3E0140025E253 /* AuthLocalDataSource.swift in Sources */ = {isa = PBXBuildFile; fileRef = 95264E782BF3E0140025E253 /* AuthLocalDataSource.swift */; };
		954AF8E42BE46A21007299F5 /* Infra.framework in Frameworks */ = {isa = PBXBuildFile; fileRef = 954AF8D12BE46A21007299F5 /* Infra.framework */; };
		954AF8F02BE46BFE007299F5 /* IdentificationView.swift in Sources */ = {isa = PBXBuildFile; fileRef = 954AF8EF2BE46BFE007299F5 /* IdentificationView.swift */; };
		954AF8F22BE46C04007299F5 /* IdentificationViewController.swift in Sources */ = {isa = PBXBuildFile; fileRef = 954AF8F12BE46C04007299F5 /* IdentificationViewController.swift */; };
		954AF8F62BE47ACF007299F5 /* ValidateCpf.swift in Sources */ = {isa = PBXBuildFile; fileRef = 954AF8F52BE47ACF007299F5 /* ValidateCpf.swift */; };
		954AF9002BE659F5007299F5 /* IdentificationViewModel.swift in Sources */ = {isa = PBXBuildFile; fileRef = 954AF8FF2BE659F5007299F5 /* IdentificationViewModel.swift */; };
		954AF9042BE695A6007299F5 /* ViewModel.swift in Sources */ = {isa = PBXBuildFile; fileRef = 954AF9032BE695A6007299F5 /* ViewModel.swift */; };
		954AF9062BE7E1D0007299F5 /* CombineExtensions.swift in Sources */ = {isa = PBXBuildFile; fileRef = 954AF9052BE7E1D0007299F5 /* CombineExtensions.swift */; };
		955C222C2BF2FA5500C7F2A0 /* URLSession+Data.swift in Sources */ = {isa = PBXBuildFile; fileRef = 955C222B2BF2FA5500C7F2A0 /* URLSession+Data.swift */; };
		955C222F2BF2FA9C00C7F2A0 /* Errors.swift in Sources */ = {isa = PBXBuildFile; fileRef = 955C222E2BF2FA9C00C7F2A0 /* Errors.swift */; };
		95628AAE2BDC4FB70088519C /* AppDelegate.swift in Sources */ = {isa = PBXBuildFile; fileRef = 95628AAD2BDC4FB70088519C /* AppDelegate.swift */; };
		95628AB02BDC4FB70088519C /* SceneDelegate.swift in Sources */ = {isa = PBXBuildFile; fileRef = 95628AAF2BDC4FB70088519C /* SceneDelegate.swift */; };
		95628AB72BDC4FB90088519C /* Assets.xcassets in Resources */ = {isa = PBXBuildFile; fileRef = 95628AB62BDC4FB90088519C /* Assets.xcassets */; };
		95628ABA2BDC4FB90088519C /* Base in Resources */ = {isa = PBXBuildFile; fileRef = 95628AB92BDC4FB90088519C /* Base */; };
		95628AC82BDC57830088519C /* UIViewCodable.swift in Sources */ = {isa = PBXBuildFile; fileRef = 95628AC72BDC57830088519C /* UIViewCodable.swift */; };
		95628ACA2BDC57870088519C /* ViewCodable.swift in Sources */ = {isa = PBXBuildFile; fileRef = 95628AC92BDC57870088519C /* ViewCodable.swift */; };
		95628ACC2BDC58CB0088519C /* SceneViewController.swift in Sources */ = {isa = PBXBuildFile; fileRef = 95628ACB2BDC58CB0088519C /* SceneViewController.swift */; };
		95A5BBAE2BF132A700E7CBFD /* AuthenticateUser.swift in Sources */ = {isa = PBXBuildFile; fileRef = 95A5BBAD2BF132A700E7CBFD /* AuthenticateUser.swift */; };
		95A5BBB12BF1335B00E7CBFD /* Errors.swift in Sources */ = {isa = PBXBuildFile; fileRef = 95A5BBB02BF1335B00E7CBFD /* Errors.swift */; };
		95A5BBB42BF1366800E7CBFD /* AuthRepository.swift in Sources */ = {isa = PBXBuildFile; fileRef = 95A5BBB32BF1366800E7CBFD /* AuthRepository.swift */; };
		95A5BBB62BF1392A00E7CBFD /* AuthRepository.swift in Sources */ = {isa = PBXBuildFile; fileRef = 95A5BBB52BF1392A00E7CBFD /* AuthRepository.swift */; };
		95A5BBB72BF1394000E7CBFD /* Domain.framework in Frameworks */ = {isa = PBXBuildFile; fileRef = 95B433B82BE33C83007B238C /* Domain.framework */; };
		95A5BBB82BF1394000E7CBFD /* Domain.framework in Embed Frameworks */ = {isa = PBXBuildFile; fileRef = 95B433B82BE33C83007B238C /* Domain.framework */; settings = {ATTRIBUTES = (CodeSignOnCopy, RemoveHeadersOnCopy, ); }; };
		95A5BBBD2BF13BE800E7CBFD /* AuthRemoteDataSource.swift in Sources */ = {isa = PBXBuildFile; fileRef = 95A5BBBC2BF13BE800E7CBFD /* AuthRemoteDataSource.swift */; };
		95B433712BDD44D2007B238C /* Colors.swift in Sources */ = {isa = PBXBuildFile; fileRef = 95B433702BDD44D2007B238C /* Colors.swift */; };
		95B433752BDDC145007B238C /* Fonts.swift in Sources */ = {isa = PBXBuildFile; fileRef = 95B433742BDDC145007B238C /* Fonts.swift */; };
		95B433802BE07AAE007B238C /* IntroViewController.swift in Sources */ = {isa = PBXBuildFile; fileRef = 95B4337F2BE07AAE007B238C /* IntroViewController.swift */; };
		95B433822BE07AB2007B238C /* IntroView.swift in Sources */ = {isa = PBXBuildFile; fileRef = 95B433812BE07AB2007B238C /* IntroView.swift */; };
		95B433842BE08B70007B238C /* Constants.swift in Sources */ = {isa = PBXBuildFile; fileRef = 95B433832BE08B70007B238C /* Constants.swift */; };
		95B433872BE11B70007B238C /* Avenir-Roman.ttf in Resources */ = {isa = PBXBuildFile; fileRef = 95B433852BE11B70007B238C /* Avenir-Roman.ttf */; };
		95B433882BE11B70007B238C /* Avenir-Heavy.ttf in Resources */ = {isa = PBXBuildFile; fileRef = 95B433862BE11B70007B238C /* Avenir-Heavy.ttf */; };
		95B4338C2BE1676C007B238C /* Assets.swift in Sources */ = {isa = PBXBuildFile; fileRef = 95B4338B2BE1676C007B238C /* Assets.swift */; };
		95B433932BE193EE007B238C /* Localizable.xcstrings in Resources */ = {isa = PBXBuildFile; fileRef = 95B433922BE193EE007B238C /* Localizable.xcstrings */; };
		95B433952BE19442007B238C /* LocalizedStrings.swift in Sources */ = {isa = PBXBuildFile; fileRef = 95B433942BE19442007B238C /* LocalizedStrings.swift */; };
		95B433982BE1C110007B238C /* Button.swift in Sources */ = {isa = PBXBuildFile; fileRef = 95B433972BE1C110007B238C /* Button.swift */; };
		95B4339C2BE288F2007B238C /* Extensions.swift in Sources */ = {isa = PBXBuildFile; fileRef = 95B4339B2BE288F2007B238C /* Extensions.swift */; };
		95B4339F2BE28970007B238C /* ButtonProperties.swift in Sources */ = {isa = PBXBuildFile; fileRef = 95B4339E2BE28970007B238C /* ButtonProperties.swift */; };
		95B433A72BE29A3A007B238C /* ApplicationCoordinator.swift in Sources */ = {isa = PBXBuildFile; fileRef = 95B433A62BE29A3A007B238C /* ApplicationCoordinator.swift */; };
		95B433AA2BE29AC8007B238C /* Coordinator.swift in Sources */ = {isa = PBXBuildFile; fileRef = 95B433A92BE29AC8007B238C /* Coordinator.swift */; };
		95B433AC2BE29CD6007B238C /* LoginCoordinator.swift in Sources */ = {isa = PBXBuildFile; fileRef = 95B433AB2BE29CD6007B238C /* LoginCoordinator.swift */; };
		95B433AE2BE29CDB007B238C /* IntroCoordinator.swift in Sources */ = {isa = PBXBuildFile; fileRef = 95B433AD2BE29CDB007B238C /* IntroCoordinator.swift */; };
		95B433B12BE3328A007B238C /* NavigationController.swift in Sources */ = {isa = PBXBuildFile; fileRef = 95B433B02BE3328A007B238C /* NavigationController.swift */; };
		95B433D52BE33E1D007B238C /* Domain.framework in Frameworks */ = {isa = PBXBuildFile; fileRef = 95B433B82BE33C83007B238C /* Domain.framework */; };
/* End PBXBuildFile section */

/* Begin PBXContainerItemProxy section */
		954AF8E22BE46A21007299F5 /* PBXContainerItemProxy */ = {
			isa = PBXContainerItemProxy;
			containerPortal = 95628AA22BDC4FB70088519C /* Project object */;
			proxyType = 1;
			remoteGlobalIDString = 954AF8D02BE46A21007299F5;
			remoteInfo = Data;
		};
		95A5BBB92BF1394000E7CBFD /* PBXContainerItemProxy */ = {
			isa = PBXContainerItemProxy;
			containerPortal = 95628AA22BDC4FB70088519C /* Project object */;
			proxyType = 1;
			remoteGlobalIDString = 95B433B72BE33C83007B238C;
			remoteInfo = Domain;
		};
		95B433D72BE33E1D007B238C /* PBXContainerItemProxy */ = {
			isa = PBXContainerItemProxy;
			containerPortal = 95628AA22BDC4FB70088519C /* Project object */;
			proxyType = 1;
			remoteGlobalIDString = 95B433B72BE33C83007B238C;
			remoteInfo = Domain;
		};
/* End PBXContainerItemProxy section */

/* Begin PBXCopyFilesBuildPhase section */
		95A5BBBB2BF1394000E7CBFD /* Embed Frameworks */ = {
			isa = PBXCopyFilesBuildPhase;
			buildActionMask = 2147483647;
			dstPath = "";
			dstSubfolderSpec = 10;
			files = (
				95A5BBB82BF1394000E7CBFD /* Domain.framework in Embed Frameworks */,
			);
			name = "Embed Frameworks";
			runOnlyForDeploymentPostprocessing = 0;
		};
/* End PBXCopyFilesBuildPhase section */

/* Begin PBXFileReference section */
		9518D7152BED7043006563CD /* PasswordViewController.swift */ = {isa = PBXFileReference; lastKnownFileType = sourcecode.swift; path = PasswordViewController.swift; sourceTree = "<group>"; };
		9518D7172BED705E006563CD /* PasswordView.swift */ = {isa = PBXFileReference; lastKnownFileType = sourcecode.swift; path = PasswordView.swift; sourceTree = "<group>"; };
		9518D7192BED9A78006563CD /* Factory.swift */ = {isa = PBXFileReference; lastKnownFileType = sourcecode.swift; path = Factory.swift; sourceTree = "<group>"; };
		95264E752BF3D3BD0025E253 /* NetworkRequest.swift */ = {isa = PBXFileReference; lastKnownFileType = sourcecode.swift; path = NetworkRequest.swift; sourceTree = "<group>"; };
		95264E782BF3E0140025E253 /* AuthLocalDataSource.swift */ = {isa = PBXFileReference; lastKnownFileType = sourcecode.swift; path = AuthLocalDataSource.swift; sourceTree = "<group>"; };
		954AF8D12BE46A21007299F5 /* Infra.framework */ = {isa = PBXFileReference; explicitFileType = wrapper.framework; includeInIndex = 0; path = Infra.framework; sourceTree = BUILT_PRODUCTS_DIR; };
		954AF8EF2BE46BFE007299F5 /* IdentificationView.swift */ = {isa = PBXFileReference; lastKnownFileType = sourcecode.swift; path = IdentificationView.swift; sourceTree = "<group>"; };
		954AF8F12BE46C04007299F5 /* IdentificationViewController.swift */ = {isa = PBXFileReference; lastKnownFileType = sourcecode.swift; path = IdentificationViewController.swift; sourceTree = "<group>"; };
		954AF8F52BE47ACF007299F5 /* ValidateCpf.swift */ = {isa = PBXFileReference; lastKnownFileType = sourcecode.swift; path = ValidateCpf.swift; sourceTree = "<group>"; };
		954AF8FF2BE659F5007299F5 /* IdentificationViewModel.swift */ = {isa = PBXFileReference; lastKnownFileType = sourcecode.swift; path = IdentificationViewModel.swift; sourceTree = "<group>"; };
		954AF9032BE695A6007299F5 /* ViewModel.swift */ = {isa = PBXFileReference; lastKnownFileType = sourcecode.swift; path = ViewModel.swift; sourceTree = "<group>"; };
		954AF9052BE7E1D0007299F5 /* CombineExtensions.swift */ = {isa = PBXFileReference; lastKnownFileType = sourcecode.swift; path = CombineExtensions.swift; sourceTree = "<group>"; };
		955C222B2BF2FA5500C7F2A0 /* URLSession+Data.swift */ = {isa = PBXFileReference; lastKnownFileType = sourcecode.swift; path = "URLSession+Data.swift"; sourceTree = "<group>"; };
		955C222E2BF2FA9C00C7F2A0 /* Errors.swift */ = {isa = PBXFileReference; lastKnownFileType = sourcecode.swift; path = Errors.swift; sourceTree = "<group>"; };
		95628AAA2BDC4FB70088519C /* Main.app */ = {isa = PBXFileReference; explicitFileType = wrapper.application; includeInIndex = 0; path = Main.app; sourceTree = BUILT_PRODUCTS_DIR; };
		95628AAD2BDC4FB70088519C /* AppDelegate.swift */ = {isa = PBXFileReference; lastKnownFileType = sourcecode.swift; path = AppDelegate.swift; sourceTree = "<group>"; };
		95628AAF2BDC4FB70088519C /* SceneDelegate.swift */ = {isa = PBXFileReference; lastKnownFileType = sourcecode.swift; path = SceneDelegate.swift; sourceTree = "<group>"; };
		95628AB62BDC4FB90088519C /* Assets.xcassets */ = {isa = PBXFileReference; lastKnownFileType = folder.assetcatalog; path = Assets.xcassets; sourceTree = "<group>"; };
		95628AB92BDC4FB90088519C /* Base */ = {isa = PBXFileReference; lastKnownFileType = file.storyboard; name = Base; path = Base.lproj/LaunchScreen.storyboard; sourceTree = "<group>"; };
		95628ABB2BDC4FB90088519C /* Info.plist */ = {isa = PBXFileReference; lastKnownFileType = text.plist.xml; path = Info.plist; sourceTree = "<group>"; };
		95628AC72BDC57830088519C /* UIViewCodable.swift */ = {isa = PBXFileReference; lastKnownFileType = sourcecode.swift; path = UIViewCodable.swift; sourceTree = "<group>"; };
		95628AC92BDC57870088519C /* ViewCodable.swift */ = {isa = PBXFileReference; lastKnownFileType = sourcecode.swift; path = ViewCodable.swift; sourceTree = "<group>"; };
		95628ACB2BDC58CB0088519C /* SceneViewController.swift */ = {isa = PBXFileReference; lastKnownFileType = sourcecode.swift; path = SceneViewController.swift; sourceTree = "<group>"; };
		95A5BBAD2BF132A700E7CBFD /* AuthenticateUser.swift */ = {isa = PBXFileReference; lastKnownFileType = sourcecode.swift; path = AuthenticateUser.swift; sourceTree = "<group>"; };
		95A5BBB02BF1335B00E7CBFD /* Errors.swift */ = {isa = PBXFileReference; lastKnownFileType = sourcecode.swift; path = Errors.swift; sourceTree = "<group>"; };
		95A5BBB32BF1366800E7CBFD /* AuthRepository.swift */ = {isa = PBXFileReference; lastKnownFileType = sourcecode.swift; path = AuthRepository.swift; sourceTree = "<group>"; };
		95A5BBB52BF1392A00E7CBFD /* AuthRepository.swift */ = {isa = PBXFileReference; lastKnownFileType = sourcecode.swift; path = AuthRepository.swift; sourceTree = "<group>"; };
		95A5BBBC2BF13BE800E7CBFD /* AuthRemoteDataSource.swift */ = {isa = PBXFileReference; lastKnownFileType = sourcecode.swift; path = AuthRemoteDataSource.swift; sourceTree = "<group>"; };
		95B433702BDD44D2007B238C /* Colors.swift */ = {isa = PBXFileReference; lastKnownFileType = sourcecode.swift; path = Colors.swift; sourceTree = "<group>"; };
		95B433742BDDC145007B238C /* Fonts.swift */ = {isa = PBXFileReference; lastKnownFileType = sourcecode.swift; path = Fonts.swift; sourceTree = "<group>"; };
		95B4337F2BE07AAE007B238C /* IntroViewController.swift */ = {isa = PBXFileReference; lastKnownFileType = sourcecode.swift; path = IntroViewController.swift; sourceTree = "<group>"; };
		95B433812BE07AB2007B238C /* IntroView.swift */ = {isa = PBXFileReference; lastKnownFileType = sourcecode.swift; path = IntroView.swift; sourceTree = "<group>"; };
		95B433832BE08B70007B238C /* Constants.swift */ = {isa = PBXFileReference; lastKnownFileType = sourcecode.swift; path = Constants.swift; sourceTree = "<group>"; };
		95B433852BE11B70007B238C /* Avenir-Roman.ttf */ = {isa = PBXFileReference; lastKnownFileType = file; path = "Avenir-Roman.ttf"; sourceTree = "<group>"; };
		95B433862BE11B70007B238C /* Avenir-Heavy.ttf */ = {isa = PBXFileReference; lastKnownFileType = file; path = "Avenir-Heavy.ttf"; sourceTree = "<group>"; };
		95B4338B2BE1676C007B238C /* Assets.swift */ = {isa = PBXFileReference; lastKnownFileType = sourcecode.swift; path = Assets.swift; sourceTree = "<group>"; };
		95B433922BE193EE007B238C /* Localizable.xcstrings */ = {isa = PBXFileReference; lastKnownFileType = text.json.xcstrings; path = Localizable.xcstrings; sourceTree = "<group>"; };
		95B433942BE19442007B238C /* LocalizedStrings.swift */ = {isa = PBXFileReference; lastKnownFileType = sourcecode.swift; path = LocalizedStrings.swift; sourceTree = "<group>"; };
		95B433972BE1C110007B238C /* Button.swift */ = {isa = PBXFileReference; lastKnownFileType = sourcecode.swift; path = Button.swift; sourceTree = "<group>"; };
		95B4339B2BE288F2007B238C /* Extensions.swift */ = {isa = PBXFileReference; lastKnownFileType = sourcecode.swift; path = Extensions.swift; sourceTree = "<group>"; };
		95B4339E2BE28970007B238C /* ButtonProperties.swift */ = {isa = PBXFileReference; lastKnownFileType = sourcecode.swift; path = ButtonProperties.swift; sourceTree = "<group>"; };
		95B433A62BE29A3A007B238C /* ApplicationCoordinator.swift */ = {isa = PBXFileReference; lastKnownFileType = sourcecode.swift; path = ApplicationCoordinator.swift; sourceTree = "<group>"; };
		95B433A92BE29AC8007B238C /* Coordinator.swift */ = {isa = PBXFileReference; lastKnownFileType = sourcecode.swift; path = Coordinator.swift; sourceTree = "<group>"; };
		95B433AB2BE29CD6007B238C /* LoginCoordinator.swift */ = {isa = PBXFileReference; lastKnownFileType = sourcecode.swift; path = LoginCoordinator.swift; sourceTree = "<group>"; };
		95B433AD2BE29CDB007B238C /* IntroCoordinator.swift */ = {isa = PBXFileReference; lastKnownFileType = sourcecode.swift; path = IntroCoordinator.swift; sourceTree = "<group>"; };
		95B433B02BE3328A007B238C /* NavigationController.swift */ = {isa = PBXFileReference; lastKnownFileType = sourcecode.swift; path = NavigationController.swift; sourceTree = "<group>"; };
		95B433B82BE33C83007B238C /* Domain.framework */ = {isa = PBXFileReference; explicitFileType = wrapper.framework; includeInIndex = 0; path = Domain.framework; sourceTree = BUILT_PRODUCTS_DIR; };
/* End PBXFileReference section */

/* Begin PBXFrameworksBuildPhase section */
		954AF8CE2BE46A21007299F5 /* Frameworks */ = {
			isa = PBXFrameworksBuildPhase;
			buildActionMask = 2147483647;
			files = (
				95A5BBB72BF1394000E7CBFD /* Domain.framework in Frameworks */,
			);
			runOnlyForDeploymentPostprocessing = 0;
		};
		95628AA72BDC4FB70088519C /* Frameworks */ = {
			isa = PBXFrameworksBuildPhase;
			buildActionMask = 2147483647;
			files = (
				954AF8E42BE46A21007299F5 /* Infra.framework in Frameworks */,
				95B433D52BE33E1D007B238C /* Domain.framework in Frameworks */,
			);
			runOnlyForDeploymentPostprocessing = 0;
		};
		95B433B52BE33C83007B238C /* Frameworks */ = {
			isa = PBXFrameworksBuildPhase;
			buildActionMask = 2147483647;
			files = (
			);
			runOnlyForDeploymentPostprocessing = 0;
		};
/* End PBXFrameworksBuildPhase section */

/* Begin PBXGroup section */
		954AF8D22BE46A21007299F5 /* Infra */ = {
			isa = PBXGroup;
			children = (
				955C222A2BF2FA4700C7F2A0 /* Utils */,
				954AF8FD2BE5814F007299F5 /* Local */,
				954AF8FB2BE58142007299F5 /* Repository */,
				954AF8FA2BE58137007299F5 /* Remote */,
			);
			path = Infra;
			sourceTree = "<group>";
		};
		954AF8ED2BE46BE0007299F5 /* Identification */ = {
			isa = PBXGroup;
			children = (
				954AF8EF2BE46BFE007299F5 /* IdentificationView.swift */,
				954AF8F12BE46C04007299F5 /* IdentificationViewController.swift */,
				954AF8FF2BE659F5007299F5 /* IdentificationViewModel.swift */,
			);
			path = Identification;
			sourceTree = "<group>";
		};
		954AF8EE2BE46BEF007299F5 /* Password */ = {
			isa = PBXGroup;
			children = (
				9518D7152BED7043006563CD /* PasswordViewController.swift */,
				9518D7172BED705E006563CD /* PasswordView.swift */,
			);
			path = Password;
			sourceTree = "<group>";
		};
		954AF8FA2BE58137007299F5 /* Remote */ = {
			isa = PBXGroup;
			children = (
				95A5BBBC2BF13BE800E7CBFD /* AuthRemoteDataSource.swift */,
			);
			path = Remote;
			sourceTree = "<group>";
		};
		954AF8FB2BE58142007299F5 /* Repository */ = {
			isa = PBXGroup;
			children = (
				95A5BBB52BF1392A00E7CBFD /* AuthRepository.swift */,
			);
			path = Repository;
			sourceTree = "<group>";
		};
		954AF8FD2BE5814F007299F5 /* Local */ = {
			isa = PBXGroup;
			children = (
				95264E782BF3E0140025E253 /* AuthLocalDataSource.swift */,
			);
			path = Local;
			sourceTree = "<group>";
		};
		955C222A2BF2FA4700C7F2A0 /* Utils */ = {
			isa = PBXGroup;
			children = (
				955C222B2BF2FA5500C7F2A0 /* URLSession+Data.swift */,
				955C222E2BF2FA9C00C7F2A0 /* Errors.swift */,
				95264E752BF3D3BD0025E253 /* NetworkRequest.swift */,
			);
			path = Utils;
			sourceTree = "<group>";
		};
		955C222D2BF2FA9200C7F2A0 /* Utils */ = {
			isa = PBXGroup;
			children = (
				95A5BBB02BF1335B00E7CBFD /* Errors.swift */,
			);
			path = Utils;
			sourceTree = "<group>";
		};
		95628AA12BDC4FB70088519C = {
			isa = PBXGroup;
			children = (
				95628AAC2BDC4FB70088519C /* Main */,
				95B433B92BE33C83007B238C /* Domain */,
				954AF8D22BE46A21007299F5 /* Infra */,
				95628AAB2BDC4FB70088519C /* Products */,
				95B433D42BE33E1D007B238C /* Frameworks */,
			);
			sourceTree = "<group>";
		};
		95628AAB2BDC4FB70088519C /* Products */ = {
			isa = PBXGroup;
			children = (
				95628AAA2BDC4FB70088519C /* Main.app */,
				95B433B82BE33C83007B238C /* Domain.framework */,
				954AF8D12BE46A21007299F5 /* Infra.framework */,
			);
			name = Products;
			sourceTree = "<group>";
		};
		95628AAC2BDC4FB70088519C /* Main */ = {
			isa = PBXGroup;
			children = (
				95B433A82BE29AC2007B238C /* Utils */,
				95B433762BDDC53F007B238C /* Assets */,
				95628AC52BDC57450088519C /* Scenes */,
				95628AC42BDC57350088519C /* Application */,
			);
			path = Main;
			sourceTree = "<group>";
		};
		95628AC42BDC57350088519C /* Application */ = {
			isa = PBXGroup;
			children = (
				95628ABB2BDC4FB90088519C /* Info.plist */,
				95628AAD2BDC4FB70088519C /* AppDelegate.swift */,
				95628AAF2BDC4FB70088519C /* SceneDelegate.swift */,
				95B433A62BE29A3A007B238C /* ApplicationCoordinator.swift */,
			);
			path = Application;
			sourceTree = "<group>";
		};
		95628AC52BDC57450088519C /* Scenes */ = {
			isa = PBXGroup;
			children = (
				95B433A02BE299AD007B238C /* Login */,
				95B4337E2BE07A99007B238C /* Intro */,
				95628AC62BDC574C0088519C /* Common */,
			);
			path = Scenes;
			sourceTree = "<group>";
		};
		95628AC62BDC574C0088519C /* Common */ = {
			isa = PBXGroup;
			children = (
				95B433962BE19757007B238C /* Components */,
				95B4336D2BDD4152007B238C /* Theme */,
				95B433832BE08B70007B238C /* Constants.swift */,
				95B433942BE19442007B238C /* LocalizedStrings.swift */,
				95B4339B2BE288F2007B238C /* Extensions.swift */,
				954AF9032BE695A6007299F5 /* ViewModel.swift */,
				954AF9052BE7E1D0007299F5 /* CombineExtensions.swift */,
			);
			path = Common;
			sourceTree = "<group>";
		};
		95A5BBB22BF1362900E7CBFD /* Repository */ = {
			isa = PBXGroup;
			children = (
				95A5BBB32BF1366800E7CBFD /* AuthRepository.swift */,
			);
			path = Repository;
			sourceTree = "<group>";
		};
		95B4336D2BDD4152007B238C /* Theme */ = {
			isa = PBXGroup;
			children = (
				95B433702BDD44D2007B238C /* Colors.swift */,
				95B433742BDDC145007B238C /* Fonts.swift */,
				95B4338B2BE1676C007B238C /* Assets.swift */,
			);
			path = Theme;
			sourceTree = "<group>";
		};
		95B433762BDDC53F007B238C /* Assets */ = {
			isa = PBXGroup;
			children = (
				95B433792BDDC5B9007B238C /* Fonts */,
				95628AB62BDC4FB90088519C /* Assets.xcassets */,
				95628AB82BDC4FB90088519C /* LaunchScreen.storyboard */,
				95B433922BE193EE007B238C /* Localizable.xcstrings */,
			);
			path = Assets;
			sourceTree = "<group>";
		};
		95B433792BDDC5B9007B238C /* Fonts */ = {
			isa = PBXGroup;
			children = (
				95B433862BE11B70007B238C /* Avenir-Heavy.ttf */,
				95B433852BE11B70007B238C /* Avenir-Roman.ttf */,
			);
			path = Fonts;
			sourceTree = "<group>";
		};
		95B4337E2BE07A99007B238C /* Intro */ = {
			isa = PBXGroup;
			children = (
				95B4337F2BE07AAE007B238C /* IntroViewController.swift */,
				95B433812BE07AB2007B238C /* IntroView.swift */,
				95B433AD2BE29CDB007B238C /* IntroCoordinator.swift */,
			);
			path = Intro;
			sourceTree = "<group>";
		};
		95B433962BE19757007B238C /* Components */ = {
			isa = PBXGroup;
			children = (
				95B433B22BE33400007B238C /* ViewController */,
				95B433AF2BE33277007B238C /* NavigationController */,
				95B4339D2BE28962007B238C /* Button */,
			);
			path = Components;
			sourceTree = "<group>";
		};
		95B4339D2BE28962007B238C /* Button */ = {
			isa = PBXGroup;
			children = (
				95B433972BE1C110007B238C /* Button.swift */,
				95B4339E2BE28970007B238C /* ButtonProperties.swift */,
			);
			path = Button;
			sourceTree = "<group>";
		};
		95B433A02BE299AD007B238C /* Login */ = {
			isa = PBXGroup;
			children = (
				954AF8EE2BE46BEF007299F5 /* Password */,
				954AF8ED2BE46BE0007299F5 /* Identification */,
				95B433AB2BE29CD6007B238C /* LoginCoordinator.swift */,
			);
			path = Login;
			sourceTree = "<group>";
		};
		95B433A82BE29AC2007B238C /* Utils */ = {
			isa = PBXGroup;
			children = (
				95B433A92BE29AC8007B238C /* Coordinator.swift */,
				9518D7192BED9A78006563CD /* Factory.swift */,
			);
			path = Utils;
			sourceTree = "<group>";
		};
		95B433AF2BE33277007B238C /* NavigationController */ = {
			isa = PBXGroup;
			children = (
				95B433B02BE3328A007B238C /* NavigationController.swift */,
			);
			path = NavigationController;
			sourceTree = "<group>";
		};
		95B433B22BE33400007B238C /* ViewController */ = {
			isa = PBXGroup;
			children = (
				95628AC72BDC57830088519C /* UIViewCodable.swift */,
				95628AC92BDC57870088519C /* ViewCodable.swift */,
				95628ACB2BDC58CB0088519C /* SceneViewController.swift */,
			);
			path = ViewController;
			sourceTree = "<group>";
		};
		95B433B92BE33C83007B238C /* Domain */ = {
			isa = PBXGroup;
			children = (
				955C222D2BF2FA9200C7F2A0 /* Utils */,
				95A5BBB22BF1362900E7CBFD /* Repository */,
				95B433DB2BE33E37007B238C /* Entities */,
				95B433DA2BE33E29007B238C /* UseCases */,
			);
			path = Domain;
			sourceTree = "<group>";
		};
		95B433D42BE33E1D007B238C /* Frameworks */ = {
			isa = PBXGroup;
			children = (
			);
			name = Frameworks;
			sourceTree = "<group>";
		};
		95B433DA2BE33E29007B238C /* UseCases */ = {
			isa = PBXGroup;
			children = (
				954AF8F52BE47ACF007299F5 /* ValidateCpf.swift */,
				95A5BBAD2BF132A700E7CBFD /* AuthenticateUser.swift */,
			);
			path = UseCases;
			sourceTree = "<group>";
		};
		95B433DB2BE33E37007B238C /* Entities */ = {
			isa = PBXGroup;
			children = (
			);
			path = Entities;
			sourceTree = "<group>";
		};
/* End PBXGroup section */

/* Begin PBXHeadersBuildPhase section */
		954AF8CC2BE46A21007299F5 /* Headers */ = {
			isa = PBXHeadersBuildPhase;
			buildActionMask = 2147483647;
			files = (
			);
			runOnlyForDeploymentPostprocessing = 0;
		};
		95B433B32BE33C83007B238C /* Headers */ = {
			isa = PBXHeadersBuildPhase;
			buildActionMask = 2147483647;
			files = (
			);
			runOnlyForDeploymentPostprocessing = 0;
		};
/* End PBXHeadersBuildPhase section */

/* Begin PBXNativeTarget section */
		954AF8D02BE46A21007299F5 /* Infra */ = {
			isa = PBXNativeTarget;
			buildConfigurationList = 954AF8EB2BE46A21007299F5 /* Build configuration list for PBXNativeTarget "Infra" */;
			buildPhases = (
				954AF8CC2BE46A21007299F5 /* Headers */,
				954AF8CD2BE46A21007299F5 /* Sources */,
				954AF8CE2BE46A21007299F5 /* Frameworks */,
				954AF8CF2BE46A21007299F5 /* Resources */,
				95A5BBBB2BF1394000E7CBFD /* Embed Frameworks */,
			);
			buildRules = (
			);
			dependencies = (
				95A5BBBA2BF1394000E7CBFD /* PBXTargetDependency */,
			);
			name = Infra;
			productName = Data;
			productReference = 954AF8D12BE46A21007299F5 /* Infra.framework */;
			productType = "com.apple.product-type.framework";
		};
		95628AA92BDC4FB70088519C /* Main */ = {
			isa = PBXNativeTarget;
			buildConfigurationList = 95628ABE2BDC4FB90088519C /* Build configuration list for PBXNativeTarget "Main" */;
			buildPhases = (
				95628AA62BDC4FB70088519C /* Sources */,
				95628AA72BDC4FB70088519C /* Frameworks */,
				95628AA82BDC4FB70088519C /* Resources */,
				95B4336C2BDD3F24007B238C /* SwiftLint */,
			);
			buildRules = (
			);
			dependencies = (
				95B433D82BE33E1D007B238C /* PBXTargetDependency */,
				954AF8E32BE46A21007299F5 /* PBXTargetDependency */,
			);
			name = Main;
			productName = CoraBankChallenge;
			productReference = 95628AAA2BDC4FB70088519C /* Main.app */;
			productType = "com.apple.product-type.application";
		};
		95B433B72BE33C83007B238C /* Domain */ = {
			isa = PBXNativeTarget;
			buildConfigurationList = 95B433CD2BE33C83007B238C /* Build configuration list for PBXNativeTarget "Domain" */;
			buildPhases = (
				95B433B32BE33C83007B238C /* Headers */,
				95B433B42BE33C83007B238C /* Sources */,
				95B433B52BE33C83007B238C /* Frameworks */,
				95B433B62BE33C83007B238C /* Resources */,
			);
			buildRules = (
			);
			dependencies = (
			);
			name = Domain;
			productName = Domain;
			productReference = 95B433B82BE33C83007B238C /* Domain.framework */;
			productType = "com.apple.product-type.framework";
		};
/* End PBXNativeTarget section */

/* Begin PBXProject section */
		95628AA22BDC4FB70088519C /* Project object */ = {
			isa = PBXProject;
			attributes = {
				BuildIndependentTargetsInParallel = 1;
				LastSwiftUpdateCheck = 1530;
				LastUpgradeCheck = 1530;
				TargetAttributes = {
					954AF8D02BE46A21007299F5 = {
						CreatedOnToolsVersion = 15.3;
						LastSwiftMigration = 1530;
					};
					95628AA92BDC4FB70088519C = {
						CreatedOnToolsVersion = 15.3;
					};
					95B433B72BE33C83007B238C = {
						CreatedOnToolsVersion = 15.3;
						LastSwiftMigration = 1530;
					};
				};
			};
			buildConfigurationList = 95628AA52BDC4FB70088519C /* Build configuration list for PBXProject "CoraBankChallenge" */;
			compatibilityVersion = "Xcode 14.0";
			developmentRegion = "pt-BR";
			hasScannedForEncodings = 0;
			knownRegions = (
				Base,
				"pt-BR",
			);
			mainGroup = 95628AA12BDC4FB70088519C;
			productRefGroup = 95628AAB2BDC4FB70088519C /* Products */;
			projectDirPath = "";
			projectRoot = "";
			targets = (
				95628AA92BDC4FB70088519C /* Main */,
				95B433B72BE33C83007B238C /* Domain */,
				954AF8D02BE46A21007299F5 /* Infra */,
			);
		};
/* End PBXProject section */

/* Begin PBXResourcesBuildPhase section */
		954AF8CF2BE46A21007299F5 /* Resources */ = {
			isa = PBXResourcesBuildPhase;
			buildActionMask = 2147483647;
			files = (
			);
			runOnlyForDeploymentPostprocessing = 0;
		};
		95628AA82BDC4FB70088519C /* Resources */ = {
			isa = PBXResourcesBuildPhase;
			buildActionMask = 2147483647;
			files = (
				95B433872BE11B70007B238C /* Avenir-Roman.ttf in Resources */,
				95B433932BE193EE007B238C /* Localizable.xcstrings in Resources */,
				95628AB72BDC4FB90088519C /* Assets.xcassets in Resources */,
				95628ABA2BDC4FB90088519C /* Base in Resources */,
				95B433882BE11B70007B238C /* Avenir-Heavy.ttf in Resources */,
			);
			runOnlyForDeploymentPostprocessing = 0;
		};
		95B433B62BE33C83007B238C /* Resources */ = {
			isa = PBXResourcesBuildPhase;
			buildActionMask = 2147483647;
			files = (
			);
			runOnlyForDeploymentPostprocessing = 0;
		};
/* End PBXResourcesBuildPhase section */

/* Begin PBXShellScriptBuildPhase section */
		95B4336C2BDD3F24007B238C /* SwiftLint */ = {
			isa = PBXShellScriptBuildPhase;
			buildActionMask = 2147483647;
			files = (
			);
			inputFileListPaths = (
			);
			inputPaths = (
			);
			name = SwiftLint;
			outputFileListPaths = (
			);
			outputPaths = (
			);
			runOnlyForDeploymentPostprocessing = 0;
			shellPath = /bin/sh;
			shellScript = "# Swiftlint installed by homebrew\nif which swiftlint >/dev/null; then\nswiftlint\nelse\necho \"warning: Swiftlint not installed, download from https://github.com/realm/SwiftLint\"\nfi\n";
		};
/* End PBXShellScriptBuildPhase section */

/* Begin PBXSourcesBuildPhase section */
		954AF8CD2BE46A21007299F5 /* Sources */ = {
			isa = PBXSourcesBuildPhase;
			buildActionMask = 2147483647;
			files = (
				955C222F2BF2FA9C00C7F2A0 /* Errors.swift in Sources */,
				95A5BBBD2BF13BE800E7CBFD /* AuthRemoteDataSource.swift in Sources */,
				955C222C2BF2FA5500C7F2A0 /* URLSession+Data.swift in Sources */,
				95264E792BF3E0140025E253 /* AuthLocalDataSource.swift in Sources */,
				95A5BBB62BF1392A00E7CBFD /* AuthRepository.swift in Sources */,
				95264E762BF3D3BD0025E253 /* NetworkRequest.swift in Sources */,
			);
			runOnlyForDeploymentPostprocessing = 0;
		};
		95628AA62BDC4FB70088519C /* Sources */ = {
			isa = PBXSourcesBuildPhase;
			buildActionMask = 2147483647;
			files = (
				95628ACA2BDC57870088519C /* ViewCodable.swift in Sources */,
				9518D7182BED705E006563CD /* PasswordView.swift in Sources */,
				95628AC82BDC57830088519C /* UIViewCodable.swift in Sources */,
				95B433AC2BE29CD6007B238C /* LoginCoordinator.swift in Sources */,
				954AF9062BE7E1D0007299F5 /* CombineExtensions.swift in Sources */,
				954AF8F02BE46BFE007299F5 /* IdentificationView.swift in Sources */,
				95628ACC2BDC58CB0088519C /* SceneViewController.swift in Sources */,
				954AF9042BE695A6007299F5 /* ViewModel.swift in Sources */,
				95B433B12BE3328A007B238C /* NavigationController.swift in Sources */,
				95B433822BE07AB2007B238C /* IntroView.swift in Sources */,
				95628AAE2BDC4FB70088519C /* AppDelegate.swift in Sources */,
				95B433A72BE29A3A007B238C /* ApplicationCoordinator.swift in Sources */,
				954AF9002BE659F5007299F5 /* IdentificationViewModel.swift in Sources */,
				95B433AA2BE29AC8007B238C /* Coordinator.swift in Sources */,
				95B433842BE08B70007B238C /* Constants.swift in Sources */,
				95B433982BE1C110007B238C /* Button.swift in Sources */,
				95B433952BE19442007B238C /* LocalizedStrings.swift in Sources */,
				95B433752BDDC145007B238C /* Fonts.swift in Sources */,
				954AF8F22BE46C04007299F5 /* IdentificationViewController.swift in Sources */,
				95B433712BDD44D2007B238C /* Colors.swift in Sources */,
				9518D71A2BED9A78006563CD /* Factory.swift in Sources */,
				9518D7162BED7043006563CD /* PasswordViewController.swift in Sources */,
				95B4339C2BE288F2007B238C /* Extensions.swift in Sources */,
				95B433802BE07AAE007B238C /* IntroViewController.swift in Sources */,
				95B4338C2BE1676C007B238C /* Assets.swift in Sources */,
				95628AB02BDC4FB70088519C /* SceneDelegate.swift in Sources */,
				95B4339F2BE28970007B238C /* ButtonProperties.swift in Sources */,
				95B433AE2BE29CDB007B238C /* IntroCoordinator.swift in Sources */,
			);
			runOnlyForDeploymentPostprocessing = 0;
		};
		95B433B42BE33C83007B238C /* Sources */ = {
			isa = PBXSourcesBuildPhase;
			buildActionMask = 2147483647;
			files = (
				954AF8F62BE47ACF007299F5 /* ValidateCpf.swift in Sources */,
				95A5BBB42BF1366800E7CBFD /* AuthRepository.swift in Sources */,
				95A5BBB12BF1335B00E7CBFD /* Errors.swift in Sources */,
				95A5BBAE2BF132A700E7CBFD /* AuthenticateUser.swift in Sources */,
			);
			runOnlyForDeploymentPostprocessing = 0;
		};
/* End PBXSourcesBuildPhase section */

/* Begin PBXTargetDependency section */
		954AF8E32BE46A21007299F5 /* PBXTargetDependency */ = {
			isa = PBXTargetDependency;
			target = 954AF8D02BE46A21007299F5 /* Infra */;
			targetProxy = 954AF8E22BE46A21007299F5 /* PBXContainerItemProxy */;
		};
		95A5BBBA2BF1394000E7CBFD /* PBXTargetDependency */ = {
			isa = PBXTargetDependency;
			target = 95B433B72BE33C83007B238C /* Domain */;
			targetProxy = 95A5BBB92BF1394000E7CBFD /* PBXContainerItemProxy */;
		};
		95B433D82BE33E1D007B238C /* PBXTargetDependency */ = {
			isa = PBXTargetDependency;
			target = 95B433B72BE33C83007B238C /* Domain */;
			targetProxy = 95B433D72BE33E1D007B238C /* PBXContainerItemProxy */;
		};
/* End PBXTargetDependency section */

/* Begin PBXVariantGroup section */
		95628AB82BDC4FB90088519C /* LaunchScreen.storyboard */ = {
			isa = PBXVariantGroup;
			children = (
				95628AB92BDC4FB90088519C /* Base */,
			);
			name = LaunchScreen.storyboard;
			sourceTree = "<group>";
		};
/* End PBXVariantGroup section */

/* Begin XCBuildConfiguration section */
		954AF8E72BE46A21007299F5 /* Debug */ = {
			isa = XCBuildConfiguration;
			buildSettings = {
				BUILD_LIBRARY_FOR_DISTRIBUTION = YES;
				CLANG_ENABLE_MODULES = YES;
				CODE_SIGN_STYLE = Automatic;
				CURRENT_PROJECT_VERSION = 1;
				DEFINES_MODULE = YES;
				DEVELOPMENT_TEAM = GQM2834P54;
				DYLIB_COMPATIBILITY_VERSION = 1;
				DYLIB_CURRENT_VERSION = 1;
				DYLIB_INSTALL_NAME_BASE = "@rpath";
				ENABLE_MODULE_VERIFIER = YES;
				GENERATE_INFOPLIST_FILE = YES;
				INFOPLIST_KEY_NSHumanReadableCopyright = "";
				INSTALL_PATH = "$(LOCAL_LIBRARY_DIR)/Frameworks";
				LD_RUNPATH_SEARCH_PATHS = (
					"$(inherited)",
					"@executable_path/Frameworks",
					"@loader_path/Frameworks",
				);
				MACH_O_TYPE = staticlib;
				MARKETING_VERSION = 1.0;
				MODULE_VERIFIER_SUPPORTED_LANGUAGES = "objective-c objective-c++";
				MODULE_VERIFIER_SUPPORTED_LANGUAGE_STANDARDS = "gnu17 gnu++20";
				PRODUCT_BUNDLE_IDENTIFIER = com.example.Data;
				PRODUCT_NAME = "$(TARGET_NAME:c99extidentifier)";
				SDKROOT = macosx;
				SKIP_INSTALL = YES;
				SUPPORTED_PLATFORMS = "macosx iphoneos iphonesimulator";
				SUPPORTS_MACCATALYST = NO;
				SUPPORTS_MAC_DESIGNED_FOR_IPHONE_IPAD = NO;
				SUPPORTS_XR_DESIGNED_FOR_IPHONE_IPAD = NO;
				SWIFT_EMIT_LOC_STRINGS = YES;
				SWIFT_INSTALL_OBJC_HEADER = NO;
				SWIFT_OPTIMIZATION_LEVEL = "-Onone";
				SWIFT_VERSION = 5.0;
				VERSIONING_SYSTEM = "apple-generic";
				VERSION_INFO_PREFIX = "";
			};
			name = Debug;
		};
		954AF8E82BE46A21007299F5 /* Release */ = {
			isa = XCBuildConfiguration;
			buildSettings = {
				BUILD_LIBRARY_FOR_DISTRIBUTION = YES;
				CLANG_ENABLE_MODULES = YES;
				CODE_SIGN_STYLE = Automatic;
				CURRENT_PROJECT_VERSION = 1;
				DEFINES_MODULE = YES;
				DEVELOPMENT_TEAM = GQM2834P54;
				DYLIB_COMPATIBILITY_VERSION = 1;
				DYLIB_CURRENT_VERSION = 1;
				DYLIB_INSTALL_NAME_BASE = "@rpath";
				ENABLE_MODULE_VERIFIER = YES;
				GENERATE_INFOPLIST_FILE = YES;
				INFOPLIST_KEY_NSHumanReadableCopyright = "";
				INSTALL_PATH = "$(LOCAL_LIBRARY_DIR)/Frameworks";
				LD_RUNPATH_SEARCH_PATHS = (
					"$(inherited)",
					"@executable_path/Frameworks",
					"@loader_path/Frameworks",
				);
				MACH_O_TYPE = staticlib;
				MARKETING_VERSION = 1.0;
				MODULE_VERIFIER_SUPPORTED_LANGUAGES = "objective-c objective-c++";
				MODULE_VERIFIER_SUPPORTED_LANGUAGE_STANDARDS = "gnu17 gnu++20";
				PRODUCT_BUNDLE_IDENTIFIER = com.example.Data;
				PRODUCT_NAME = "$(TARGET_NAME:c99extidentifier)";
				SDKROOT = macosx;
				SKIP_INSTALL = YES;
				SUPPORTED_PLATFORMS = "macosx iphoneos iphonesimulator";
				SUPPORTS_MACCATALYST = NO;
				SUPPORTS_MAC_DESIGNED_FOR_IPHONE_IPAD = NO;
				SUPPORTS_XR_DESIGNED_FOR_IPHONE_IPAD = NO;
				SWIFT_EMIT_LOC_STRINGS = YES;
				SWIFT_INSTALL_OBJC_HEADER = NO;
				SWIFT_VERSION = 5.0;
				VERSIONING_SYSTEM = "apple-generic";
				VERSION_INFO_PREFIX = "";
			};
			name = Release;
		};
		95628ABC2BDC4FB90088519C /* Debug */ = {
			isa = XCBuildConfiguration;
			buildSettings = {
				ALWAYS_SEARCH_USER_PATHS = NO;
				ASSETCATALOG_COMPILER_GENERATE_SWIFT_ASSET_SYMBOL_EXTENSIONS = YES;
				CLANG_ANALYZER_NONNULL = YES;
				CLANG_ANALYZER_NUMBER_OBJECT_CONVERSION = YES_AGGRESSIVE;
				CLANG_CXX_LANGUAGE_STANDARD = "gnu++20";
				CLANG_ENABLE_MODULES = YES;
				CLANG_ENABLE_OBJC_ARC = YES;
				CLANG_ENABLE_OBJC_WEAK = YES;
				CLANG_WARN_BLOCK_CAPTURE_AUTORELEASING = YES;
				CLANG_WARN_BOOL_CONVERSION = YES;
				CLANG_WARN_COMMA = YES;
				CLANG_WARN_CONSTANT_CONVERSION = YES;
				CLANG_WARN_DEPRECATED_OBJC_IMPLEMENTATIONS = YES;
				CLANG_WARN_DIRECT_OBJC_ISA_USAGE = YES_ERROR;
				CLANG_WARN_DOCUMENTATION_COMMENTS = YES;
				CLANG_WARN_EMPTY_BODY = YES;
				CLANG_WARN_ENUM_CONVERSION = YES;
				CLANG_WARN_INFINITE_RECURSION = YES;
				CLANG_WARN_INT_CONVERSION = YES;
				CLANG_WARN_NON_LITERAL_NULL_CONVERSION = YES;
				CLANG_WARN_OBJC_IMPLICIT_RETAIN_SELF = YES;
				CLANG_WARN_OBJC_LITERAL_CONVERSION = YES;
				CLANG_WARN_OBJC_ROOT_CLASS = YES_ERROR;
				CLANG_WARN_QUOTED_INCLUDE_IN_FRAMEWORK_HEADER = YES;
				CLANG_WARN_RANGE_LOOP_ANALYSIS = YES;
				CLANG_WARN_STRICT_PROTOTYPES = YES;
				CLANG_WARN_SUSPICIOUS_MOVE = YES;
				CLANG_WARN_UNGUARDED_AVAILABILITY = YES_AGGRESSIVE;
				CLANG_WARN_UNREACHABLE_CODE = YES;
				CLANG_WARN__DUPLICATE_METHOD_MATCH = YES;
				COPY_PHASE_STRIP = NO;
				DEBUG_INFORMATION_FORMAT = dwarf;
				ENABLE_STRICT_OBJC_MSGSEND = YES;
				ENABLE_TESTABILITY = YES;
				ENABLE_USER_SCRIPT_SANDBOXING = YES;
				GCC_C_LANGUAGE_STANDARD = gnu17;
				GCC_DYNAMIC_NO_PIC = NO;
				GCC_NO_COMMON_BLOCKS = YES;
				GCC_OPTIMIZATION_LEVEL = 0;
				GCC_PREPROCESSOR_DEFINITIONS = (
					"DEBUG=1",
					"$(inherited)",
				);
				GCC_WARN_64_TO_32_BIT_CONVERSION = YES;
				GCC_WARN_ABOUT_RETURN_TYPE = YES_ERROR;
				GCC_WARN_UNDECLARED_SELECTOR = YES;
				GCC_WARN_UNINITIALIZED_AUTOS = YES_AGGRESSIVE;
				GCC_WARN_UNUSED_FUNCTION = YES;
				GCC_WARN_UNUSED_VARIABLE = YES;
				IPHONEOS_DEPLOYMENT_TARGET = 17.4;
				LOCALIZATION_PREFERS_STRING_CATALOGS = YES;
				MTL_ENABLE_DEBUG_INFO = INCLUDE_SOURCE;
				MTL_FAST_MATH = YES;
				ONLY_ACTIVE_ARCH = YES;
				SDKROOT = iphoneos;
				SWIFT_ACTIVE_COMPILATION_CONDITIONS = "DEBUG $(inherited)";
				SWIFT_OPTIMIZATION_LEVEL = "-Onone";
			};
			name = Debug;
		};
		95628ABD2BDC4FB90088519C /* Release */ = {
			isa = XCBuildConfiguration;
			buildSettings = {
				ALWAYS_SEARCH_USER_PATHS = NO;
				ASSETCATALOG_COMPILER_GENERATE_SWIFT_ASSET_SYMBOL_EXTENSIONS = YES;
				CLANG_ANALYZER_NONNULL = YES;
				CLANG_ANALYZER_NUMBER_OBJECT_CONVERSION = YES_AGGRESSIVE;
				CLANG_CXX_LANGUAGE_STANDARD = "gnu++20";
				CLANG_ENABLE_MODULES = YES;
				CLANG_ENABLE_OBJC_ARC = YES;
				CLANG_ENABLE_OBJC_WEAK = YES;
				CLANG_WARN_BLOCK_CAPTURE_AUTORELEASING = YES;
				CLANG_WARN_BOOL_CONVERSION = YES;
				CLANG_WARN_COMMA = YES;
				CLANG_WARN_CONSTANT_CONVERSION = YES;
				CLANG_WARN_DEPRECATED_OBJC_IMPLEMENTATIONS = YES;
				CLANG_WARN_DIRECT_OBJC_ISA_USAGE = YES_ERROR;
				CLANG_WARN_DOCUMENTATION_COMMENTS = YES;
				CLANG_WARN_EMPTY_BODY = YES;
				CLANG_WARN_ENUM_CONVERSION = YES;
				CLANG_WARN_INFINITE_RECURSION = YES;
				CLANG_WARN_INT_CONVERSION = YES;
				CLANG_WARN_NON_LITERAL_NULL_CONVERSION = YES;
				CLANG_WARN_OBJC_IMPLICIT_RETAIN_SELF = YES;
				CLANG_WARN_OBJC_LITERAL_CONVERSION = YES;
				CLANG_WARN_OBJC_ROOT_CLASS = YES_ERROR;
				CLANG_WARN_QUOTED_INCLUDE_IN_FRAMEWORK_HEADER = YES;
				CLANG_WARN_RANGE_LOOP_ANALYSIS = YES;
				CLANG_WARN_STRICT_PROTOTYPES = YES;
				CLANG_WARN_SUSPICIOUS_MOVE = YES;
				CLANG_WARN_UNGUARDED_AVAILABILITY = YES_AGGRESSIVE;
				CLANG_WARN_UNREACHABLE_CODE = YES;
				CLANG_WARN__DUPLICATE_METHOD_MATCH = YES;
				COPY_PHASE_STRIP = NO;
				DEBUG_INFORMATION_FORMAT = "dwarf-with-dsym";
				ENABLE_NS_ASSERTIONS = NO;
				ENABLE_STRICT_OBJC_MSGSEND = YES;
				ENABLE_USER_SCRIPT_SANDBOXING = YES;
				GCC_C_LANGUAGE_STANDARD = gnu17;
				GCC_NO_COMMON_BLOCKS = YES;
				GCC_WARN_64_TO_32_BIT_CONVERSION = YES;
				GCC_WARN_ABOUT_RETURN_TYPE = YES_ERROR;
				GCC_WARN_UNDECLARED_SELECTOR = YES;
				GCC_WARN_UNINITIALIZED_AUTOS = YES_AGGRESSIVE;
				GCC_WARN_UNUSED_FUNCTION = YES;
				GCC_WARN_UNUSED_VARIABLE = YES;
				IPHONEOS_DEPLOYMENT_TARGET = 17.4;
				LOCALIZATION_PREFERS_STRING_CATALOGS = YES;
				MTL_ENABLE_DEBUG_INFO = NO;
				MTL_FAST_MATH = YES;
				SDKROOT = iphoneos;
				SWIFT_COMPILATION_MODE = wholemodule;
				VALIDATE_PRODUCT = YES;
			};
			name = Release;
		};
		95628ABF2BDC4FB90088519C /* Debug */ = {
			isa = XCBuildConfiguration;
			buildSettings = {
				ASSETCATALOG_COMPILER_APPICON_NAME = AppIcon;
				ASSETCATALOG_COMPILER_GLOBAL_ACCENT_COLOR_NAME = AccentColor;
				CODE_SIGN_STYLE = Automatic;
				CURRENT_PROJECT_VERSION = 1;
				DEVELOPMENT_TEAM = GQM2834P54;
				GENERATE_INFOPLIST_FILE = YES;
				INFOPLIST_FILE = Main/Application/Info.plist;
				INFOPLIST_KEY_CFBundleDisplayName = CoreBankChallenge;
				INFOPLIST_KEY_LSApplicationCategoryType = "public.app-category.finance";
				INFOPLIST_KEY_UIApplicationSupportsIndirectInputEvents = YES;
				INFOPLIST_KEY_UILaunchStoryboardName = LaunchScreen;
				INFOPLIST_KEY_UISupportedInterfaceOrientations = UIInterfaceOrientationPortrait;
				IPHONEOS_DEPLOYMENT_TARGET = 15.0;
				LD_RUNPATH_SEARCH_PATHS = (
					"$(inherited)",
					"@executable_path/Frameworks",
				);
				MARKETING_VERSION = 1.0;
				PRODUCT_BUNDLE_IDENTIFIER = com.example.CoraBankChallenge;
				PRODUCT_NAME = "$(TARGET_NAME)";
				SUPPORTED_PLATFORMS = "iphoneos iphonesimulator";
				SUPPORTS_MACCATALYST = NO;
				SUPPORTS_MAC_DESIGNED_FOR_IPHONE_IPAD = NO;
				SUPPORTS_XR_DESIGNED_FOR_IPHONE_IPAD = NO;
				SWIFT_EMIT_LOC_STRINGS = YES;
				SWIFT_VERSION = 5.0;
				TARGETED_DEVICE_FAMILY = "1,2";
			};
			name = Debug;
		};
		95628AC02BDC4FB90088519C /* Release */ = {
			isa = XCBuildConfiguration;
			buildSettings = {
				ASSETCATALOG_COMPILER_APPICON_NAME = AppIcon;
				ASSETCATALOG_COMPILER_GLOBAL_ACCENT_COLOR_NAME = AccentColor;
				CODE_SIGN_STYLE = Automatic;
				CURRENT_PROJECT_VERSION = 1;
				DEVELOPMENT_TEAM = GQM2834P54;
				GENERATE_INFOPLIST_FILE = YES;
				INFOPLIST_FILE = Main/Application/Info.plist;
				INFOPLIST_KEY_CFBundleDisplayName = CoreBankChallenge;
				INFOPLIST_KEY_LSApplicationCategoryType = "public.app-category.finance";
				INFOPLIST_KEY_UIApplicationSupportsIndirectInputEvents = YES;
				INFOPLIST_KEY_UILaunchStoryboardName = LaunchScreen;
				INFOPLIST_KEY_UISupportedInterfaceOrientations = UIInterfaceOrientationPortrait;
				IPHONEOS_DEPLOYMENT_TARGET = 15.0;
				LD_RUNPATH_SEARCH_PATHS = (
					"$(inherited)",
					"@executable_path/Frameworks",
				);
				MARKETING_VERSION = 1.0;
				PRODUCT_BUNDLE_IDENTIFIER = com.example.CoraBankChallenge;
				PRODUCT_NAME = "$(TARGET_NAME)";
				SUPPORTED_PLATFORMS = "iphoneos iphonesimulator";
				SUPPORTS_MACCATALYST = NO;
				SUPPORTS_MAC_DESIGNED_FOR_IPHONE_IPAD = NO;
				SUPPORTS_XR_DESIGNED_FOR_IPHONE_IPAD = NO;
				SWIFT_EMIT_LOC_STRINGS = YES;
				SWIFT_VERSION = 5.0;
				TARGETED_DEVICE_FAMILY = "1,2";
			};
			name = Release;
		};
		95B433CE2BE33C83007B238C /* Debug */ = {
			isa = XCBuildConfiguration;
			buildSettings = {
				BUILD_LIBRARY_FOR_DISTRIBUTION = YES;
				CLANG_ENABLE_MODULES = YES;
				CODE_SIGN_STYLE = Automatic;
				CURRENT_PROJECT_VERSION = 1;
				DEFINES_MODULE = NO;
				DEVELOPMENT_TEAM = GQM2834P54;
				DYLIB_COMPATIBILITY_VERSION = 1;
				DYLIB_CURRENT_VERSION = 1;
				DYLIB_INSTALL_NAME_BASE = "@rpath";
				ENABLE_MODULE_VERIFIER = YES;
				GENERATE_INFOPLIST_FILE = YES;
				INFOPLIST_KEY_NSHumanReadableCopyright = "";
				INSTALL_PATH = "$(LOCAL_LIBRARY_DIR)/Frameworks";
				LD_RUNPATH_SEARCH_PATHS = (
					"$(inherited)",
					"@executable_path/Frameworks",
					"@loader_path/Frameworks",
				);
				MACH_O_TYPE = staticlib;
				MARKETING_VERSION = 1.0;
				MODULE_VERIFIER_SUPPORTED_LANGUAGES = "objective-c objective-c++";
				MODULE_VERIFIER_SUPPORTED_LANGUAGE_STANDARDS = "gnu17 gnu++20";
				PRODUCT_BUNDLE_IDENTIFIER = com.example.Domain;
				PRODUCT_NAME = "$(TARGET_NAME:c99extidentifier)";
				SDKROOT = macosx;
				SKIP_INSTALL = YES;
				SUPPORTED_PLATFORMS = "macosx iphoneos iphonesimulator";
				SUPPORTS_MACCATALYST = NO;
				SWIFT_EMIT_LOC_STRINGS = YES;
				SWIFT_INSTALL_OBJC_HEADER = NO;
				SWIFT_OPTIMIZATION_LEVEL = "-Onone";
				SWIFT_VERSION = 5.0;
				VERSIONING_SYSTEM = "apple-generic";
				VERSION_INFO_PREFIX = "";
			};
			name = Debug;
		};
		95B433CF2BE33C83007B238C /* Release */ = {
			isa = XCBuildConfiguration;
			buildSettings = {
				BUILD_LIBRARY_FOR_DISTRIBUTION = YES;
				CLANG_ENABLE_MODULES = YES;
				CODE_SIGN_STYLE = Automatic;
				CURRENT_PROJECT_VERSION = 1;
				DEFINES_MODULE = NO;
				DEVELOPMENT_TEAM = GQM2834P54;
				DYLIB_COMPATIBILITY_VERSION = 1;
				DYLIB_CURRENT_VERSION = 1;
				DYLIB_INSTALL_NAME_BASE = "@rpath";
				ENABLE_MODULE_VERIFIER = YES;
				GENERATE_INFOPLIST_FILE = YES;
				INFOPLIST_KEY_NSHumanReadableCopyright = "";
				INSTALL_PATH = "$(LOCAL_LIBRARY_DIR)/Frameworks";
				LD_RUNPATH_SEARCH_PATHS = (
					"$(inherited)",
					"@executable_path/Frameworks",
					"@loader_path/Frameworks",
				);
				MACH_O_TYPE = staticlib;
				MARKETING_VERSION = 1.0;
				MODULE_VERIFIER_SUPPORTED_LANGUAGES = "objective-c objective-c++";
				MODULE_VERIFIER_SUPPORTED_LANGUAGE_STANDARDS = "gnu17 gnu++20";
				PRODUCT_BUNDLE_IDENTIFIER = com.example.Domain;
				PRODUCT_NAME = "$(TARGET_NAME:c99extidentifier)";
				SDKROOT = macosx;
				SKIP_INSTALL = YES;
				SUPPORTED_PLATFORMS = "macosx iphoneos iphonesimulator";
				SUPPORTS_MACCATALYST = NO;
				SWIFT_EMIT_LOC_STRINGS = YES;
				SWIFT_INSTALL_OBJC_HEADER = NO;
				SWIFT_VERSION = 5.0;
				VERSIONING_SYSTEM = "apple-generic";
				VERSION_INFO_PREFIX = "";
			};
			name = Release;
		};
/* End XCBuildConfiguration section */

/* Begin XCConfigurationList section */
		954AF8EB2BE46A21007299F5 /* Build configuration list for PBXNativeTarget "Infra" */ = {
			isa = XCConfigurationList;
			buildConfigurations = (
				954AF8E72BE46A21007299F5 /* Debug */,
				954AF8E82BE46A21007299F5 /* Release */,
			);
			defaultConfigurationIsVisible = 0;
			defaultConfigurationName = Release;
		};
		95628AA52BDC4FB70088519C /* Build configuration list for PBXProject "CoraBankChallenge" */ = {
			isa = XCConfigurationList;
			buildConfigurations = (
				95628ABC2BDC4FB90088519C /* Debug */,
				95628ABD2BDC4FB90088519C /* Release */,
			);
			defaultConfigurationIsVisible = 0;
			defaultConfigurationName = Release;
		};
		95628ABE2BDC4FB90088519C /* Build configuration list for PBXNativeTarget "Main" */ = {
			isa = XCConfigurationList;
			buildConfigurations = (
				95628ABF2BDC4FB90088519C /* Debug */,
				95628AC02BDC4FB90088519C /* Release */,
			);
			defaultConfigurationIsVisible = 0;
			defaultConfigurationName = Release;
		};
		95B433CD2BE33C83007B238C /* Build configuration list for PBXNativeTarget "Domain" */ = {
			isa = XCConfigurationList;
			buildConfigurations = (
				95B433CE2BE33C83007B238C /* Debug */,
				95B433CF2BE33C83007B238C /* Release */,
			);
			defaultConfigurationIsVisible = 0;
			defaultConfigurationName = Release;
		};
/* End XCConfigurationList section */
	};
	rootObject = 95628AA22BDC4FB70088519C /* Project object */;
}
